
Microsoft Visual Studio Solution File, Format Version 12.00
# Visual Studio Version 17
VisualStudioVersion = 17.3.32825.248
MinimumVisualStudioVersion = 10.0.40219.1
Project("{FAE04EC0-301F-11D3-BF4B-00C04F79EFBC}") = "SkyEye", "SkyEye.csproj", "{37D2171F-5A88-4FC3-8BDB-77284C2F5CEB}"
EndProject
Project("{911E67C6-3D85-4FCE-B560-20A9C3E3FF48}") = "Streaming", "Streaming\bin\Debug\Streaming.exe", "{3924D23F-341D-4DF3-9019-554B046C3868}"
	ProjectSection(DebuggerProjectSystem) = preProject
		PortSupplier = 00000000-0000-0000-0000-000000000000
		Executable = 
		RemoteMachine = LAPTOP-1AAGFRO7
		StartingDirectory = 
		Environment = Predefinita
		LaunchingEngine = 00000000-0000-0000-0000-000000000000
		UseLegacyDebugEngines = No
		LaunchSQLEngine = No
		AttachLaunchAction = No
		IORedirection = Auto
	EndProjectSection
EndProject
Global
	GlobalSection(SolutionConfigurationPlatforms) = preSolution
		Debug|Any CPU = Debug|Any CPU
		Debug|x86 = Debug|x86
		Release|Any CPU = Release|Any CPU
		Release|x86 = Release|x86
	EndGlobalSection
	GlobalSection(ProjectConfigurationPlatforms) = postSolution
		{37D2171F-5A88-4FC3-8BDB-77284C2F5CEB}.Debug|Any CPU.ActiveCfg = Debug|Any CPU
		{37D2171F-5A88-4FC3-8BDB-77284C2F5CEB}.Debug|Any CPU.Build.0 = Debug|Any CPU
		{37D2171F-5A88-4FC3-8BDB-77284C2F5CEB}.Debug|x86.ActiveCfg = Debug|Any CPU
		{37D2171F-5A88-4FC3-8BDB-77284C2F5CEB}.Debug|x86.Build.0 = Debug|Any CPU
		{37D2171F-5A88-4FC3-8BDB-77284C2F5CEB}.Release|Any CPU.ActiveCfg = Release|Any CPU
		{37D2171F-5A88-4FC3-8BDB-77284C2F5CEB}.Release|Any CPU.Build.0 = Release|Any CPU
		{37D2171F-5A88-4FC3-8BDB-77284C2F5CEB}.Release|x86.ActiveCfg = Release|Any CPU
		{37D2171F-5A88-4FC3-8BDB-77284C2F5CEB}.Release|x86.Build.0 = Release|Any CPU
		{3924D23F-341D-4DF3-9019-554B046C3868}.Debug|Any CPU.ActiveCfg = Release|x86
		{3924D23F-341D-4DF3-9019-554B046C3868}.Debug|x86.ActiveCfg = Release|x86
		{3924D23F-341D-4DF3-9019-554B046C3868}.Release|Any CPU.ActiveCfg = Release|x86
		{3924D23F-341D-4DF3-9019-554B046C3868}.Release|x86.ActiveCfg = Release|x86
	EndGlobalSection
	GlobalSection(SolutionProperties) = preSolution
		HideSolutionNode = FALSE
	EndGlobalSection
	GlobalSection(ExtensibilityGlobals) = postSolution
		SolutionGuid = {A2E6F49F-6329-4B60-A338-6258B2E8CDB6}
	EndGlobalSection
EndGlobal
